
Microsoft Visual Studio Solution File, Format Version 12.00
# Visual Studio 15
VisualStudioVersion = 15.0.28307.572
MinimumVisualStudioVersion = 10.0.40219.1
Project("{FAE04EC0-301F-11D3-BF4B-00C04F79EFBC}") = "LabmasterAdminapp", "LabmasterAdminapp\LabmasterAdminapp.csproj", "{4BBD4AA6-77DC-4305-9D5A-3F31C8618197}"
EndProject
Global
	GlobalSection(SolutionConfigurationPlatforms) = preSolution
		Debug|Any CPU = Debug|Any CPU
		Release|Any CPU = Release|Any CPU
	EndGlobalSection
	GlobalSection(ProjectConfigurationPlatforms) = postSolution
		{4BBD4AA6-77DC-4305-9D5A-3F31C8618197}.Debug|Any CPU.ActiveCfg = Debug|Any CPU
		{4BBD4AA6-77DC-4305-9D5A-3F31C8618197}.Debug|Any CPU.Build.0 = Debug|Any CPU
		{4BBD4AA6-77DC-4305-9D5A-3F31C8618197}.Release|Any CPU.ActiveCfg = Release|Any CPU
		{4BBD4AA6-77DC-4305-9D5A-3F31C8618197}.Release|Any CPU.Build.0 = Release|Any CPU
	EndGlobalSection
	GlobalSection(SolutionProperties) = preSolution
		HideSolutionNode = FALSE
	EndGlobalSection
	GlobalSection(ExtensibilityGlobals) = postSolution
		SolutionGuid = {1728CB54-C421-4D2E-995E-E8E249A58885}
	EndGlobalSection
EndGlobal
